// !$*UTF8*$!
{
	archiveVersion = 1;
	classes = {
	};
	objectVersion = 56;
	objects = {

/* Begin PBXBuildFile section */
		640A65492A69E080001C2E21 /* Settingsview.swift in Sources */ = {isa = PBXBuildFile; fileRef = 640A65482A69E080001C2E21 /* Settingsview.swift */; };
		641C4C692A7074A700FE991E /* CoreDataStack.swift in Sources */ = {isa = PBXBuildFile; fileRef = 641C4C682A7074A700FE991E /* CoreDataStack.swift */; };
		641C4C6C2A7074CF00FE991E /* LoveMyPet.xcdatamodeld in Sources */ = {isa = PBXBuildFile; fileRef = 641C4C6A2A7074CF00FE991E /* LoveMyPet.xcdatamodeld */; };
		642305722A731CD10054C48C /* PetModel.swift in Sources */ = {isa = PBXBuildFile; fileRef = 642305712A731CD10054C48C /* PetModel.swift */; };
		642305792A745ABF0054C48C /* Pet+CoreDataClass.swift in Sources */ = {isa = PBXBuildFile; fileRef = 642305772A745ABF0054C48C /* Pet+CoreDataClass.swift */; };
		6423057A2A745ABF0054C48C /* Pet+CoreDataProperties.swift in Sources */ = {isa = PBXBuildFile; fileRef = 642305782A745ABF0054C48C /* Pet+CoreDataProperties.swift */; };
		642F36AB2A7084AF00CA6D68 /* SettingsViewModel.swift in Sources */ = {isa = PBXBuildFile; fileRef = 642F36AA2A7084AF00CA6D68 /* SettingsViewModel.swift */; };
		644A846F2A70875D0045CDDB /* 002-PetCard.swift in Sources */ = {isa = PBXBuildFile; fileRef = 644A846E2A70875D0045CDDB /* 002-PetCard.swift */; };
		6453FA582A674845001FCF55 /* 007-Picker Row.swift in Sources */ = {isa = PBXBuildFile; fileRef = 6453FA572A674845001FCF55 /* 007-Picker Row.swift */; };
		649064C32A65E755001654F8 /* ContentView.swift in Sources */ = {isa = PBXBuildFile; fileRef = 649064C22A65E755001654F8 /* ContentView.swift */; };
		64CA1BBD2A71DAA700F57A88 /* Poppins.ttf in Resources */ = {isa = PBXBuildFile; fileRef = 64CA1BBC2A71DAA700F57A88 /* Poppins.ttf */; };
		64D6D1432A732F73006266BB /* 021-ImageFileManager.swift in Sources */ = {isa = PBXBuildFile; fileRef = 64D6D1422A732F73006266BB /* 021-ImageFileManager.swift */; };
		64E201F42A6F2E61008710B7 /* 008-WeightPicker.swift in Sources */ = {isa = PBXBuildFile; fileRef = 64E201F32A6F2E61008710B7 /* 008-WeightPicker.swift */; };
		64E201F62A6F2E70008710B7 /* 003-EmptyPetCard.swift in Sources */ = {isa = PBXBuildFile; fileRef = 64E201F52A6F2E70008710B7 /* 003-EmptyPetCard.swift */; };
		64E201F82A6F30B8008710B7 /* 006-Image Picker.swift in Sources */ = {isa = PBXBuildFile; fileRef = 64E201F72A6F30B8008710B7 /* 006-Image Picker.swift */; };
		64F575632A56072B004F4055 /* LoveMyPetApp.swift in Sources */ = {isa = PBXBuildFile; fileRef = 64F575622A56072B004F4055 /* LoveMyPetApp.swift */; };
		64F575672A56072C004F4055 /* Assets.xcassets in Resources */ = {isa = PBXBuildFile; fileRef = 64F575662A56072C004F4055 /* Assets.xcassets */; };
		64F5756A2A56072C004F4055 /* Preview Assets.xcassets in Resources */ = {isa = PBXBuildFile; fileRef = 64F575692A56072C004F4055 /* Preview Assets.xcassets */; };
/* End PBXBuildFile section */

/* Begin PBXFileReference section */
		640A65482A69E080001C2E21 /* Settingsview.swift */ = {isa = PBXFileReference; lastKnownFileType = sourcecode.swift; path = Settingsview.swift; sourceTree = "<group>"; };
		641C4C682A7074A700FE991E /* CoreDataStack.swift */ = {isa = PBXFileReference; fileEncoding = 4; lastKnownFileType = sourcecode.swift; path = CoreDataStack.swift; sourceTree = "<group>"; };
		641C4C6B2A7074CF00FE991E /* LoveMyPet.xcdatamodel */ = {isa = PBXFileReference; lastKnownFileType = wrapper.xcdatamodel; path = LoveMyPet.xcdatamodel; sourceTree = "<group>"; };
		642305712A731CD10054C48C /* PetModel.swift */ = {isa = PBXFileReference; lastKnownFileType = sourcecode.swift; path = PetModel.swift; sourceTree = "<group>"; };
		642305772A745ABF0054C48C /* Pet+CoreDataClass.swift */ = {isa = PBXFileReference; lastKnownFileType = sourcecode.swift; name = "Pet+CoreDataClass.swift"; path = "LoveMyPet/Model/Pet+CoreDataClass.swift"; sourceTree = "<group>"; };
		642305782A745ABF0054C48C /* Pet+CoreDataProperties.swift */ = {isa = PBXFileReference; lastKnownFileType = sourcecode.swift; name = "Pet+CoreDataProperties.swift"; path = "LoveMyPet/Model/Pet+CoreDataProperties.swift"; sourceTree = "<group>"; };
		642F36AA2A7084AF00CA6D68 /* SettingsViewModel.swift */ = {isa = PBXFileReference; lastKnownFileType = sourcecode.swift; path = SettingsViewModel.swift; sourceTree = "<group>"; };
		644A846E2A70875D0045CDDB /* 002-PetCard.swift */ = {isa = PBXFileReference; fileEncoding = 4; lastKnownFileType = sourcecode.swift; path = "002-PetCard.swift"; sourceTree = "<group>"; };
		6453FA572A674845001FCF55 /* 007-Picker Row.swift */ = {isa = PBXFileReference; fileEncoding = 4; lastKnownFileType = sourcecode.swift; path = "007-Picker Row.swift"; sourceTree = "<group>"; };
		649064C22A65E755001654F8 /* ContentView.swift */ = {isa = PBXFileReference; lastKnownFileType = sourcecode.swift; path = ContentView.swift; sourceTree = "<group>"; };
		64CA1BB92A71D3CA00F57A88 /* Info.plist */ = {isa = PBXFileReference; lastKnownFileType = text.plist; path = Info.plist; sourceTree = "<group>"; };
		64CA1BBC2A71DAA700F57A88 /* Poppins.ttf */ = {isa = PBXFileReference; lastKnownFileType = file; path = Poppins.ttf; sourceTree = "<group>"; };
		64D6D1422A732F73006266BB /* 021-ImageFileManager.swift */ = {isa = PBXFileReference; lastKnownFileType = sourcecode.swift; path = "021-ImageFileManager.swift"; sourceTree = "<group>"; };
		64E201F32A6F2E61008710B7 /* 008-WeightPicker.swift */ = {isa = PBXFileReference; fileEncoding = 4; lastKnownFileType = sourcecode.swift; path = "008-WeightPicker.swift"; sourceTree = "<group>"; };
		64E201F52A6F2E70008710B7 /* 003-EmptyPetCard.swift */ = {isa = PBXFileReference; fileEncoding = 4; lastKnownFileType = sourcecode.swift; path = "003-EmptyPetCard.swift"; sourceTree = "<group>"; };
		64E201F72A6F30B8008710B7 /* 006-Image Picker.swift */ = {isa = PBXFileReference; fileEncoding = 4; lastKnownFileType = sourcecode.swift; path = "006-Image Picker.swift"; sourceTree = "<group>"; };
		64F5755F2A56072B004F4055 /* LoveMyPet.app */ = {isa = PBXFileReference; explicitFileType = wrapper.application; includeInIndex = 0; path = LoveMyPet.app; sourceTree = BUILT_PRODUCTS_DIR; };
		64F575622A56072B004F4055 /* LoveMyPetApp.swift */ = {isa = PBXFileReference; lastKnownFileType = sourcecode.swift; path = LoveMyPetApp.swift; sourceTree = "<group>"; };
		64F575662A56072C004F4055 /* Assets.xcassets */ = {isa = PBXFileReference; lastKnownFileType = folder.assetcatalog; path = Assets.xcassets; sourceTree = "<group>"; };
		64F575692A56072C004F4055 /* Preview Assets.xcassets */ = {isa = PBXFileReference; lastKnownFileType = folder.assetcatalog; path = "Preview Assets.xcassets"; sourceTree = "<group>"; };
/* End PBXFileReference section */

/* Begin PBXFrameworksBuildPhase section */
		64F5755C2A56072B004F4055 /* Frameworks */ = {
			isa = PBXFrameworksBuildPhase;
			buildActionMask = 2147483647;
			files = (
			);
			runOnlyForDeploymentPostprocessing = 0;
		};
/* End PBXFrameworksBuildPhase section */

/* Begin PBXGroup section */
		642F36AC2A7084D200CA6D68 /* AppTheme */ = {
			isa = PBXGroup;
			children = (
				642F36AA2A7084AF00CA6D68 /* SettingsViewModel.swift */,
				640A65482A69E080001C2E21 /* Settingsview.swift */,
			);
			path = AppTheme;
			sourceTree = "<group>";
		};
		649064B02A65DECF001654F8 /* Model */ = {
			isa = PBXGroup;
			children = (
				641C4C682A7074A700FE991E /* CoreDataStack.swift */,
				642305712A731CD10054C48C /* PetModel.swift */,
				641C4C6A2A7074CF00FE991E /* LoveMyPet.xcdatamodeld */,
			);
			path = Model;
			sourceTree = "<group>";
		};
		649064B12A65DEE8001654F8 /* Services */ = {
			isa = PBXGroup;
			children = (
			);
			path = Services;
			sourceTree = "<group>";
		};
		649064B22A65DF39001654F8 /* Utils */ = {
			isa = PBXGroup;
			children = (
				649064C12A65E4D8001654F8 /* Protocols */,
				649064C02A65E4CD001654F8 /* Extensions */,
				649064BF2A65E4B5001654F8 /* Helpers */,
				649064BE2A65E4A9001654F8 /* Modifiers */,
				649064BD2A65E49D001654F8 /* Styles */,
				649064BB2A65E28D001654F8 /* Components */,
			);
			path = Utils;
			sourceTree = "<group>";
		};
		649064BB2A65E28D001654F8 /* Components */ = {
			isa = PBXGroup;
			children = (
				644A846E2A70875D0045CDDB /* 002-PetCard.swift */,
				64E201F32A6F2E61008710B7 /* 008-WeightPicker.swift */,
				64E201F72A6F30B8008710B7 /* 006-Image Picker.swift */,
				64E201F52A6F2E70008710B7 /* 003-EmptyPetCard.swift */,
				6453FA572A674845001FCF55 /* 007-Picker Row.swift */,
				64D6D1422A732F73006266BB /* 021-ImageFileManager.swift */,
			);
			path = Components;
			sourceTree = "<group>";
		};
		649064BD2A65E49D001654F8 /* Styles */ = {
			isa = PBXGroup;
			children = (
			);
			path = Styles;
			sourceTree = "<group>";
		};
		649064BE2A65E4A9001654F8 /* Modifiers */ = {
			isa = PBXGroup;
			children = (
			);
			path = Modifiers;
			sourceTree = "<group>";
		};
		649064BF2A65E4B5001654F8 /* Helpers */ = {
			isa = PBXGroup;
			children = (
			);
			path = Helpers;
			sourceTree = "<group>";
		};
		649064C02A65E4CD001654F8 /* Extensions */ = {
			isa = PBXGroup;
			children = (
			);
			path = Extensions;
			sourceTree = "<group>";
		};
		649064C12A65E4D8001654F8 /* Protocols */ = {
			isa = PBXGroup;
			children = (
			);
			path = Protocols;
			sourceTree = "<group>";
		};
		64B9AF482A578F04004E4386 /* App */ = {
			isa = PBXGroup;
			children = (
				64F575622A56072B004F4055 /* LoveMyPetApp.swift */,
				649064B22A65DF39001654F8 /* Utils */,
			);
			path = App;
			sourceTree = "<group>";
		};
		64B9AF572A579008004E4386 /* Features */ = {
			isa = PBXGroup;
			children = (
				642F36AC2A7084D200CA6D68 /* AppTheme */,
				649064C22A65E755001654F8 /* ContentView.swift */,
			);
			path = Features;
			sourceTree = "<group>";
		};
		64B9AF582A57902C004E4386 /* Resources */ = {
			isa = PBXGroup;
			children = (
				64F575662A56072C004F4055 /* Assets.xcassets */,
				64CA1BBC2A71DAA700F57A88 /* Poppins.ttf */,
			);
			path = Resources;
			sourceTree = "<group>";
		};
		64F575562A56072B004F4055 = {
			isa = PBXGroup;
			children = (
				642305772A745ABF0054C48C /* Pet+CoreDataClass.swift */,
				642305782A745ABF0054C48C /* Pet+CoreDataProperties.swift */,
				64F575612A56072B004F4055 /* LoveMyPet */,
				64F575602A56072B004F4055 /* Products */,
			);
			sourceTree = "<group>";
		};
		64F575602A56072B004F4055 /* Products */ = {
			isa = PBXGroup;
			children = (
				64F5755F2A56072B004F4055 /* LoveMyPet.app */,
			);
			name = Products;
			sourceTree = "<group>";
		};
		64F575612A56072B004F4055 /* LoveMyPet */ = {
			isa = PBXGroup;
			children = (
				64CA1BB92A71D3CA00F57A88 /* Info.plist */,
				64B9AF482A578F04004E4386 /* App */,
				64B9AF572A579008004E4386 /* Features */,
				649064B12A65DEE8001654F8 /* Services */,
				649064B02A65DECF001654F8 /* Model */,
				64B9AF582A57902C004E4386 /* Resources */,
				64F575682A56072C004F4055 /* Preview Content */,
			);
			path = LoveMyPet;
			sourceTree = "<group>";
		};
		64F575682A56072C004F4055 /* Preview Content */ = {
			isa = PBXGroup;
			children = (
				64F575692A56072C004F4055 /* Preview Assets.xcassets */,
			);
			path = "Preview Content";
			sourceTree = "<group>";
		};
/* End PBXGroup section */

/* Begin PBXNativeTarget section */
		64F5755E2A56072B004F4055 /* LoveMyPet */ = {
			isa = PBXNativeTarget;
			buildConfigurationList = 64F5756D2A56072C004F4055 /* Build configuration list for PBXNativeTarget "LoveMyPet" */;
			buildPhases = (
				64F5755B2A56072B004F4055 /* Sources */,
				64F5755C2A56072B004F4055 /* Frameworks */,
				64F5755D2A56072B004F4055 /* Resources */,
				6434E54C2A660EDC0087239C /* ShellScript */,
			);
			buildRules = (
			);
			dependencies = (
			);
			name = LoveMyPet;
			productName = LoveMyPet;
			productReference = 64F5755F2A56072B004F4055 /* LoveMyPet.app */;
			productType = "com.apple.product-type.application";
		};
/* End PBXNativeTarget section */

/* Begin PBXProject section */
		64F575572A56072B004F4055 /* Project object */ = {
			isa = PBXProject;
			attributes = {
				BuildIndependentTargetsInParallel = 1;
				LastSwiftUpdateCheck = 1410;
				LastUpgradeCheck = 1410;
				TargetAttributes = {
					64F5755E2A56072B004F4055 = {
						CreatedOnToolsVersion = 14.1;
					};
				};
			};
			buildConfigurationList = 64F5755A2A56072B004F4055 /* Build configuration list for PBXProject "LoveMyPet" */;
			compatibilityVersion = "Xcode 14.0";
			developmentRegion = en;
			hasScannedForEncodings = 0;
			knownRegions = (
				en,
				Base,
			);
			mainGroup = 64F575562A56072B004F4055;
			productRefGroup = 64F575602A56072B004F4055 /* Products */;
			projectDirPath = "";
			projectRoot = "";
			targets = (
				64F5755E2A56072B004F4055 /* LoveMyPet */,
			);
		};
/* End PBXProject section */

/* Begin PBXResourcesBuildPhase section */
		64F5755D2A56072B004F4055 /* Resources */ = {
			isa = PBXResourcesBuildPhase;
			buildActionMask = 2147483647;
			files = (
				64F5756A2A56072C004F4055 /* Preview Assets.xcassets in Resources */,
				64CA1BBD2A71DAA700F57A88 /* Poppins.ttf in Resources */,
				64F575672A56072C004F4055 /* Assets.xcassets in Resources */,
			);
			runOnlyForDeploymentPostprocessing = 0;
		};
/* End PBXResourcesBuildPhase section */

/* Begin PBXShellScriptBuildPhase section */
		6434E54C2A660EDC0087239C /* ShellScript */ = {
			isa = PBXShellScriptBuildPhase;
			buildActionMask = 2147483647;
			files = (
			);
			inputFileListPaths = (
			);
			inputPaths = (
			);
			outputFileListPaths = (
			);
			outputPaths = (
			);
			runOnlyForDeploymentPostprocessing = 0;
			shellPath = /bin/sh;
			shellScript = "if [[ \"$(uname -m)\" == arm64 ]]; then\n    export PATH=\"/opt/homebrew/bin:$PATH\"\nfi\n\nif which swiftlint > /dev/null; then\n  swiftlint\nelse\n  echo \"warning: SwiftLint not installed, download from https://github.com/realm/SwiftLint\"\nfi\n";
		};
/* End PBXShellScriptBuildPhase section */

/* Begin PBXSourcesBuildPhase section */
		64F5755B2A56072B004F4055 /* Sources */ = {
			isa = PBXSourcesBuildPhase;
			buildActionMask = 2147483647;
			files = (
				649064C32A65E755001654F8 /* ContentView.swift in Sources */,
				640A65492A69E080001C2E21 /* Settingsview.swift in Sources */,
				6423057A2A745ABF0054C48C /* Pet+CoreDataProperties.swift in Sources */,
				64E201F82A6F30B8008710B7 /* 006-Image Picker.swift in Sources */,
				642305722A731CD10054C48C /* PetModel.swift in Sources */,
				644A846F2A70875D0045CDDB /* 002-PetCard.swift in Sources */,
				6453FA582A674845001FCF55 /* 007-Picker Row.swift in Sources */,
				64E201F42A6F2E61008710B7 /* 008-WeightPicker.swift in Sources */,
				642F36AB2A7084AF00CA6D68 /* SettingsViewModel.swift in Sources */,
				64F575632A56072B004F4055 /* LoveMyPetApp.swift in Sources */,
				64E201F62A6F2E70008710B7 /* 003-EmptyPetCard.swift in Sources */,
				641C4C6C2A7074CF00FE991E /* LoveMyPet.xcdatamodeld in Sources */,
				641C4C692A7074A700FE991E /* CoreDataStack.swift in Sources */,
				64D6D1432A732F73006266BB /* 021-ImageFileManager.swift in Sources */,
				642305792A745ABF0054C48C /* Pet+CoreDataClass.swift in Sources */,
			);
			runOnlyForDeploymentPostprocessing = 0;
		};
/* End PBXSourcesBuildPhase section */

/* Begin XCBuildConfiguration section */
		64F5756B2A56072C004F4055 /* Debug */ = {
			isa = XCBuildConfiguration;
			buildSettings = {
				ALWAYS_SEARCH_USER_PATHS = NO;
				CLANG_ANALYZER_NONNULL = YES;
				CLANG_ANALYZER_NUMBER_OBJECT_CONVERSION = YES_AGGRESSIVE;
				CLANG_CXX_LANGUAGE_STANDARD = "gnu++20";
				CLANG_ENABLE_MODULES = YES;
				CLANG_ENABLE_OBJC_ARC = YES;
				CLANG_ENABLE_OBJC_WEAK = YES;
				CLANG_WARN_BLOCK_CAPTURE_AUTORELEASING = YES;
				CLANG_WARN_BOOL_CONVERSION = YES;
				CLANG_WARN_COMMA = YES;
				CLANG_WARN_CONSTANT_CONVERSION = YES;
				CLANG_WARN_DEPRECATED_OBJC_IMPLEMENTATIONS = YES;
				CLANG_WARN_DIRECT_OBJC_ISA_USAGE = YES_ERROR;
				CLANG_WARN_DOCUMENTATION_COMMENTS = YES;
				CLANG_WARN_EMPTY_BODY = YES;
				CLANG_WARN_ENUM_CONVERSION = YES;
				CLANG_WARN_INFINITE_RECURSION = YES;
				CLANG_WARN_INT_CONVERSION = YES;
				CLANG_WARN_NON_LITERAL_NULL_CONVERSION = YES;
				CLANG_WARN_OBJC_IMPLICIT_RETAIN_SELF = YES;
				CLANG_WARN_OBJC_LITERAL_CONVERSION = YES;
				CLANG_WARN_OBJC_ROOT_CLASS = YES_ERROR;
				CLANG_WARN_QUOTED_INCLUDE_IN_FRAMEWORK_HEADER = YES;
				CLANG_WARN_RANGE_LOOP_ANALYSIS = YES;
				CLANG_WARN_STRICT_PROTOTYPES = YES;
				CLANG_WARN_SUSPICIOUS_MOVE = YES;
				CLANG_WARN_UNGUARDED_AVAILABILITY = YES_AGGRESSIVE;
				CLANG_WARN_UNREACHABLE_CODE = YES;
				CLANG_WARN__DUPLICATE_METHOD_MATCH = YES;
				COPY_PHASE_STRIP = NO;
				DEBUG_INFORMATION_FORMAT = dwarf;
				ENABLE_STRICT_OBJC_MSGSEND = YES;
				ENABLE_TESTABILITY = YES;
				GCC_C_LANGUAGE_STANDARD = gnu11;
				GCC_DYNAMIC_NO_PIC = NO;
				GCC_NO_COMMON_BLOCKS = YES;
				GCC_OPTIMIZATION_LEVEL = 0;
				GCC_PREPROCESSOR_DEFINITIONS = (
					"DEBUG=1",
					"$(inherited)",
				);
				GCC_WARN_64_TO_32_BIT_CONVERSION = YES;
				GCC_WARN_ABOUT_RETURN_TYPE = YES_ERROR;
				GCC_WARN_UNDECLARED_SELECTOR = YES;
				GCC_WARN_UNINITIALIZED_AUTOS = YES_AGGRESSIVE;
				GCC_WARN_UNUSED_FUNCTION = YES;
				GCC_WARN_UNUSED_VARIABLE = YES;
				IPHONEOS_DEPLOYMENT_TARGET = 16.1;
				MTL_ENABLE_DEBUG_INFO = INCLUDE_SOURCE;
				MTL_FAST_MATH = YES;
				ONLY_ACTIVE_ARCH = YES;
				SDKROOT = iphoneos;
				SWIFT_ACTIVE_COMPILATION_CONDITIONS = DEBUG;
				SWIFT_OPTIMIZATION_LEVEL = "-Onone";
			};
			name = Debug;
		};
		64F5756C2A56072C004F4055 /* Release */ = {
			isa = XCBuildConfiguration;
			buildSettings = {
				ALWAYS_SEARCH_USER_PATHS = NO;
				CLANG_ANALYZER_NONNULL = YES;
				CLANG_ANALYZER_NUMBER_OBJECT_CONVERSION = YES_AGGRESSIVE;
				CLANG_CXX_LANGUAGE_STANDARD = "gnu++20";
				CLANG_ENABLE_MODULES = YES;
				CLANG_ENABLE_OBJC_ARC = YES;
				CLANG_ENABLE_OBJC_WEAK = YES;
				CLANG_WARN_BLOCK_CAPTURE_AUTORELEASING = YES;
				CLANG_WARN_BOOL_CONVERSION = YES;
				CLANG_WARN_COMMA = YES;
				CLANG_WARN_CONSTANT_CONVERSION = YES;
				CLANG_WARN_DEPRECATED_OBJC_IMPLEMENTATIONS = YES;
				CLANG_WARN_DIRECT_OBJC_ISA_USAGE = YES_ERROR;
				CLANG_WARN_DOCUMENTATION_COMMENTS = YES;
				CLANG_WARN_EMPTY_BODY = YES;
				CLANG_WARN_ENUM_CONVERSION = YES;
				CLANG_WARN_INFINITE_RECURSION = YES;
				CLANG_WARN_INT_CONVERSION = YES;
				CLANG_WARN_NON_LITERAL_NULL_CONVERSION = YES;
				CLANG_WARN_OBJC_IMPLICIT_RETAIN_SELF = YES;
				CLANG_WARN_OBJC_LITERAL_CONVERSION = YES;
				CLANG_WARN_OBJC_ROOT_CLASS = YES_ERROR;
				CLANG_WARN_QUOTED_INCLUDE_IN_FRAMEWORK_HEADER = YES;
				CLANG_WARN_RANGE_LOOP_ANALYSIS = YES;
				CLANG_WARN_STRICT_PROTOTYPES = YES;
				CLANG_WARN_SUSPICIOUS_MOVE = YES;
				CLANG_WARN_UNGUARDED_AVAILABILITY = YES_AGGRESSIVE;
				CLANG_WARN_UNREACHABLE_CODE = YES;
				CLANG_WARN__DUPLICATE_METHOD_MATCH = YES;
				COPY_PHASE_STRIP = NO;
				DEBUG_INFORMATION_FORMAT = "dwarf-with-dsym";
				ENABLE_NS_ASSERTIONS = NO;
				ENABLE_STRICT_OBJC_MSGSEND = YES;
				GCC_C_LANGUAGE_STANDARD = gnu11;
				GCC_NO_COMMON_BLOCKS = YES;
				GCC_WARN_64_TO_32_BIT_CONVERSION = YES;
				GCC_WARN_ABOUT_RETURN_TYPE = YES_ERROR;
				GCC_WARN_UNDECLARED_SELECTOR = YES;
				GCC_WARN_UNINITIALIZED_AUTOS = YES_AGGRESSIVE;
				GCC_WARN_UNUSED_FUNCTION = YES;
				GCC_WARN_UNUSED_VARIABLE = YES;
				IPHONEOS_DEPLOYMENT_TARGET = 16.1;
				MTL_ENABLE_DEBUG_INFO = NO;
				MTL_FAST_MATH = YES;
				SDKROOT = iphoneos;
				SWIFT_COMPILATION_MODE = wholemodule;
				SWIFT_OPTIMIZATION_LEVEL = "-O";
				VALIDATE_PRODUCT = YES;
			};
			name = Release;
		};
		64F5756E2A56072C004F4055 /* Debug */ = {
			isa = XCBuildConfiguration;
			buildSettings = {
				ASSETCATALOG_COMPILER_APPICON_NAME = AppIcon;
				ASSETCATALOG_COMPILER_GLOBAL_ACCENT_COLOR_NAME = AccentColor;
				CODE_SIGN_STYLE = Automatic;
				CURRENT_PROJECT_VERSION = 1;
				DEVELOPMENT_ASSET_PATHS = "\"LoveMyPet/Preview Content\"";
				ENABLE_PREVIEWS = YES;
				GENERATE_INFOPLIST_FILE = YES;
				INFOPLIST_FILE = LoveMyPet/Info.plist;
				INFOPLIST_KEY_UIApplicationSceneManifest_Generation = YES;
				INFOPLIST_KEY_UIApplicationSupportsIndirectInputEvents = YES;
				INFOPLIST_KEY_UILaunchScreen_Generation = YES;
				INFOPLIST_KEY_UISupportedInterfaceOrientations_iPad = "UIInterfaceOrientationPortrait UIInterfaceOrientationPortraitUpsideDown UIInterfaceOrientationLandscapeLeft UIInterfaceOrientationLandscapeRight";
				INFOPLIST_KEY_UISupportedInterfaceOrientations_iPhone = "UIInterfaceOrientationPortrait UIInterfaceOrientationLandscapeLeft UIInterfaceOrientationLandscapeRight";
				LD_RUNPATH_SEARCH_PATHS = (
					"$(inherited)",
					"@executable_path/Frameworks",
				);
				MARKETING_VERSION = 1.0;
				PRODUCT_BUNDLE_IDENTIFIER = ada.LoveMyPet;
				PRODUCT_NAME = "$(TARGET_NAME)";
				SWIFT_EMIT_LOC_STRINGS = YES;
				SWIFT_VERSION = 5.0;
				TARGETED_DEVICE_FAMILY = "1,2";
			};
			name = Debug;
		};
		64F5756F2A56072C004F4055 /* Release */ = {
			isa = XCBuildConfiguration;
			buildSettings = {
				ASSETCATALOG_COMPILER_APPICON_NAME = AppIcon;
				ASSETCATALOG_COMPILER_GLOBAL_ACCENT_COLOR_NAME = AccentColor;
				CODE_SIGN_STYLE = Automatic;
				CURRENT_PROJECT_VERSION = 1;
				DEVELOPMENT_ASSET_PATHS = "\"LoveMyPet/Preview Content\"";
				ENABLE_PREVIEWS = YES;
				GENERATE_INFOPLIST_FILE = YES;
				INFOPLIST_FILE = LoveMyPet/Info.plist;
				INFOPLIST_KEY_UIApplicationSceneManifest_Generation = YES;
				INFOPLIST_KEY_UIApplicationSupportsIndirectInputEvents = YES;
				INFOPLIST_KEY_UILaunchScreen_Generation = YES;
				INFOPLIST_KEY_UISupportedInterfaceOrientations_iPad = "UIInterfaceOrientationPortrait UIInterfaceOrientationPortraitUpsideDown UIInterfaceOrientationLandscapeLeft UIInterfaceOrientationLandscapeRight";
				INFOPLIST_KEY_UISupportedInterfaceOrientations_iPhone = "UIInterfaceOrientationPortrait UIInterfaceOrientationLandscapeLeft UIInterfaceOrientationLandscapeRight";
				LD_RUNPATH_SEARCH_PATHS = (
					"$(inherited)",
					"@executable_path/Frameworks",
				);
				MARKETING_VERSION = 1.0;
				PRODUCT_BUNDLE_IDENTIFIER = ada.LoveMyPet;
				PRODUCT_NAME = "$(TARGET_NAME)";
				SWIFT_EMIT_LOC_STRINGS = YES;
				SWIFT_VERSION = 5.0;
				TARGETED_DEVICE_FAMILY = "1,2";
			};
			name = Release;
		};
/* End XCBuildConfiguration section */

/* Begin XCConfigurationList section */
		64F5755A2A56072B004F4055 /* Build configuration list for PBXProject "LoveMyPet" */ = {
			isa = XCConfigurationList;
			buildConfigurations = (
				64F5756B2A56072C004F4055 /* Debug */,
				64F5756C2A56072C004F4055 /* Release */,
			);
			defaultConfigurationIsVisible = 0;
			defaultConfigurationName = Release;
		};
		64F5756D2A56072C004F4055 /* Build configuration list for PBXNativeTarget "LoveMyPet" */ = {
			isa = XCConfigurationList;
			buildConfigurations = (
				64F5756E2A56072C004F4055 /* Debug */,
				64F5756F2A56072C004F4055 /* Release */,
			);
			defaultConfigurationIsVisible = 0;
			defaultConfigurationName = Release;
		};
/* End XCConfigurationList section */

/* Begin XCVersionGroup section */
		641C4C6A2A7074CF00FE991E /* LoveMyPet.xcdatamodeld */ = {
			isa = XCVersionGroup;
			children = (
				641C4C6B2A7074CF00FE991E /* LoveMyPet.xcdatamodel */,
			);
			currentVersion = 641C4C6B2A7074CF00FE991E /* LoveMyPet.xcdatamodel */;
			path = LoveMyPet.xcdatamodeld;
			sourceTree = "<group>";
			versionGroupType = wrapper.xcdatamodel;
		};
/* End XCVersionGroup section */
	};
	rootObject = 64F575572A56072B004F4055 /* Project object */;
}
